
Microsoft Visual Studio Solution File, Format Version 12.00
# Visual Studio Version 17
VisualStudioVersion = 17.0.31611.283
MinimumVisualStudioVersion = 10.0.40219.1
Project("{9A19103F-16F7-4668-BE54-9A1E7A4F7556}") = "AppNews", "AppNews\AppNews.csproj", "{5A424328-1545-476F-AEA4-539093C962B5}"
EndProject
Project("{9A19103F-16F7-4668-BE54-9A1E7A4F7556}") = "NoticiasApi", "..\..\..\Downloads\NoticiasApi\NoticiasApi\NoticiasApi\NoticiasApi.csproj", "{9E4B7591-E902-4AE5-8991-029CC2E7EA16}"
EndProject
Global
	GlobalSection(SolutionConfigurationPlatforms) = preSolution
		Debug|Any CPU = Debug|Any CPU
		Release|Any CPU = Release|Any CPU
	EndGlobalSection
	GlobalSection(ProjectConfigurationPlatforms) = postSolution
		{5A424328-1545-476F-AEA4-539093C962B5}.Debug|Any CPU.ActiveCfg = Debug|Any CPU
		{5A424328-1545-476F-AEA4-539093C962B5}.Debug|Any CPU.Build.0 = Debug|Any CPU
		{5A424328-1545-476F-AEA4-539093C962B5}.Debug|Any CPU.Deploy.0 = Debug|Any CPU
		{5A424328-1545-476F-AEA4-539093C962B5}.Release|Any CPU.ActiveCfg = Release|Any CPU
		{5A424328-1545-476F-AEA4-539093C962B5}.Release|Any CPU.Build.0 = Release|Any CPU
		{5A424328-1545-476F-AEA4-539093C962B5}.Release|Any CPU.Deploy.0 = Release|Any CPU
		{9E4B7591-E902-4AE5-8991-029CC2E7EA16}.Debug|Any CPU.ActiveCfg = Debug|Any CPU
		{9E4B7591-E902-4AE5-8991-029CC2E7EA16}.Debug|Any CPU.Build.0 = Debug|Any CPU
		{9E4B7591-E902-4AE5-8991-029CC2E7EA16}.Release|Any CPU.ActiveCfg = Release|Any CPU
		{9E4B7591-E902-4AE5-8991-029CC2E7EA16}.Release|Any CPU.Build.0 = Release|Any CPU
	EndGlobalSection
	GlobalSection(SolutionProperties) = preSolution
		HideSolutionNode = FALSE
	EndGlobalSection
	GlobalSection(ExtensibilityGlobals) = postSolution
		SolutionGuid = {61F7FB11-1E47-470C-91E2-47F8143E1572}
	EndGlobalSection
EndGlobal
